
Microsoft Visual Studio Solution File, Format Version 12.00
# Visual Studio Version 16
VisualStudioVersion = 16.0.29509.3
MinimumVisualStudioVersion = 10.0.40219.1
Project("{8BC9CEB8-8B4A-11D0-8D11-00A0C91BC942}") = "lab_8_1", "lab_8_1.vcxproj", "{701919EE-E039-46CF-8864-F0A8BC41E3DC}"
EndProject
Global
	GlobalSection(SolutionConfigurationPlatforms) = preSolution
		Debug|x64 = Debug|x64
		Debug|x86 = Debug|x86
		Release|x64 = Release|x64
		Release|x86 = Release|x86
	EndGlobalSection
	GlobalSection(ProjectConfigurationPlatforms) = postSolution
		{701919EE-E039-46CF-8864-F0A8BC41E3DC}.Debug|x64.ActiveCfg = Debug|x64
		{701919EE-E039-46CF-8864-F0A8BC41E3DC}.Debug|x64.Build.0 = Debug|x64
		{701919EE-E039-46CF-8864-F0A8BC41E3DC}.Debug|x86.ActiveCfg = Debug|Win32
		{701919EE-E039-46CF-8864-F0A8BC41E3DC}.Debug|x86.Build.0 = Debug|Win32
		{701919EE-E039-46CF-8864-F0A8BC41E3DC}.Release|x64.ActiveCfg = Release|x64
		{701919EE-E039-46CF-8864-F0A8BC41E3DC}.Release|x64.Build.0 = Release|x64
		{701919EE-E039-46CF-8864-F0A8BC41E3DC}.Release|x86.ActiveCfg = Release|Win32
		{701919EE-E039-46CF-8864-F0A8BC41E3DC}.Release|x86.Build.0 = Release|Win32
	EndGlobalSection
	GlobalSection(SolutionProperties) = preSolution
		HideSolutionNode = FALSE
	EndGlobalSection
	GlobalSection(ExtensibilityGlobals) = postSolution
		SolutionGuid = {594C4D00-B977-46F4-8403-5A17ED400902}
	EndGlobalSection
EndGlobal
