
Microsoft Visual Studio Solution File, Format Version 12.00
# Visual Studio Version 16
VisualStudioVersion = 16.0.29411.108
MinimumVisualStudioVersion = 10.0.40219.1
Project("{8BC9CEB8-8B4A-11D0-8D11-00A0C91BC942}") = "lab_2_3", "lab_2_3.vcxproj", "{AEBEE269-23B2-49AD-A1E1-7F9A6AEE671F}"
EndProject
Global
	GlobalSection(SolutionConfigurationPlatforms) = preSolution
		Debug|x64 = Debug|x64
		Debug|x86 = Debug|x86
		Release|x64 = Release|x64
		Release|x86 = Release|x86
	EndGlobalSection
	GlobalSection(ProjectConfigurationPlatforms) = postSolution
		{AEBEE269-23B2-49AD-A1E1-7F9A6AEE671F}.Debug|x64.ActiveCfg = Debug|x64
		{AEBEE269-23B2-49AD-A1E1-7F9A6AEE671F}.Debug|x64.Build.0 = Debug|x64
		{AEBEE269-23B2-49AD-A1E1-7F9A6AEE671F}.Debug|x86.ActiveCfg = Debug|Win32
		{AEBEE269-23B2-49AD-A1E1-7F9A6AEE671F}.Debug|x86.Build.0 = Debug|Win32
		{AEBEE269-23B2-49AD-A1E1-7F9A6AEE671F}.Release|x64.ActiveCfg = Release|x64
		{AEBEE269-23B2-49AD-A1E1-7F9A6AEE671F}.Release|x64.Build.0 = Release|x64
		{AEBEE269-23B2-49AD-A1E1-7F9A6AEE671F}.Release|x86.ActiveCfg = Release|Win32
		{AEBEE269-23B2-49AD-A1E1-7F9A6AEE671F}.Release|x86.Build.0 = Release|Win32
	EndGlobalSection
	GlobalSection(SolutionProperties) = preSolution
		HideSolutionNode = FALSE
	EndGlobalSection
	GlobalSection(ExtensibilityGlobals) = postSolution
		SolutionGuid = {E6BAE2E3-DFA9-40E2-AB1A-34F87EDB84D3}
	EndGlobalSection
EndGlobal
