
Microsoft Visual Studio Solution File, Format Version 12.00
# Visual Studio Version 16
VisualStudioVersion = 16.0.29411.108
MinimumVisualStudioVersion = 10.0.40219.1
Project("{8BC9CEB8-8B4A-11D0-8D11-00A0C91BC942}") = "lab_2_4", "lab_2_4.vcxproj", "{77E9CB17-C619-41E5-98E1-DF21A0409B77}"
EndProject
Global
	GlobalSection(SolutionConfigurationPlatforms) = preSolution
		Debug|x64 = Debug|x64
		Debug|x86 = Debug|x86
		Release|x64 = Release|x64
		Release|x86 = Release|x86
	EndGlobalSection
	GlobalSection(ProjectConfigurationPlatforms) = postSolution
		{77E9CB17-C619-41E5-98E1-DF21A0409B77}.Debug|x64.ActiveCfg = Debug|x64
		{77E9CB17-C619-41E5-98E1-DF21A0409B77}.Debug|x64.Build.0 = Debug|x64
		{77E9CB17-C619-41E5-98E1-DF21A0409B77}.Debug|x86.ActiveCfg = Debug|Win32
		{77E9CB17-C619-41E5-98E1-DF21A0409B77}.Debug|x86.Build.0 = Debug|Win32
		{77E9CB17-C619-41E5-98E1-DF21A0409B77}.Release|x64.ActiveCfg = Release|x64
		{77E9CB17-C619-41E5-98E1-DF21A0409B77}.Release|x64.Build.0 = Release|x64
		{77E9CB17-C619-41E5-98E1-DF21A0409B77}.Release|x86.ActiveCfg = Release|Win32
		{77E9CB17-C619-41E5-98E1-DF21A0409B77}.Release|x86.Build.0 = Release|Win32
	EndGlobalSection
	GlobalSection(SolutionProperties) = preSolution
		HideSolutionNode = FALSE
	EndGlobalSection
	GlobalSection(ExtensibilityGlobals) = postSolution
		SolutionGuid = {04B958E7-4187-42EB-8E1C-4A863E22C31D}
	EndGlobalSection
EndGlobal
